
Microsoft Visual Studio Solution File, Format Version 12.00
# Visual Studio 15
VisualStudioVersion = 15.0.28307.168
MinimumVisualStudioVersion = 10.0.40219.1
Project("{FAE04EC0-301F-11D3-BF4B-00C04F79EFBC}") = "Fragmento 2 (Tarea 4)", "Fragmento 2 (Tarea 4)\Fragmento 2 (Tarea 4).csproj", "{4F67DD6C-06EC-401F-B25A-099392356824}"
EndProject
Global
	GlobalSection(SolutionConfigurationPlatforms) = preSolution
		Debug|Any CPU = Debug|Any CPU
		Release|Any CPU = Release|Any CPU
	EndGlobalSection
	GlobalSection(ProjectConfigurationPlatforms) = postSolution
		{4F67DD6C-06EC-401F-B25A-099392356824}.Debug|Any CPU.ActiveCfg = Debug|Any CPU
		{4F67DD6C-06EC-401F-B25A-099392356824}.Debug|Any CPU.Build.0 = Debug|Any CPU
		{4F67DD6C-06EC-401F-B25A-099392356824}.Release|Any CPU.ActiveCfg = Release|Any CPU
		{4F67DD6C-06EC-401F-B25A-099392356824}.Release|Any CPU.Build.0 = Release|Any CPU
	EndGlobalSection
	GlobalSection(SolutionProperties) = preSolution
		HideSolutionNode = FALSE
	EndGlobalSection
	GlobalSection(ExtensibilityGlobals) = postSolution
		SolutionGuid = {C9C87990-65BB-4802-9339-0838F36A2694}
	EndGlobalSection
EndGlobal
