
Microsoft Visual Studio Solution File, Format Version 12.00
# Visual Studio 15
VisualStudioVersion = 15.0.28307.168
MinimumVisualStudioVersion = 10.0.40219.1
Project("{FAE04EC0-301F-11D3-BF4B-00C04F79EFBC}") = "Implementacion de Interfaces (Tarea 4)", "Implementacion de Interfaces (Tarea 4)\Implementacion de Interfaces (Tarea 4).csproj", "{C9374994-050F-4CD4-9D77-CEC50C50B2BC}"
EndProject
Global
	GlobalSection(SolutionConfigurationPlatforms) = preSolution
		Debug|Any CPU = Debug|Any CPU
		Release|Any CPU = Release|Any CPU
	EndGlobalSection
	GlobalSection(ProjectConfigurationPlatforms) = postSolution
		{C9374994-050F-4CD4-9D77-CEC50C50B2BC}.Debug|Any CPU.ActiveCfg = Debug|Any CPU
		{C9374994-050F-4CD4-9D77-CEC50C50B2BC}.Debug|Any CPU.Build.0 = Debug|Any CPU
		{C9374994-050F-4CD4-9D77-CEC50C50B2BC}.Release|Any CPU.ActiveCfg = Release|Any CPU
		{C9374994-050F-4CD4-9D77-CEC50C50B2BC}.Release|Any CPU.Build.0 = Release|Any CPU
	EndGlobalSection
	GlobalSection(SolutionProperties) = preSolution
		HideSolutionNode = FALSE
	EndGlobalSection
	GlobalSection(ExtensibilityGlobals) = postSolution
		SolutionGuid = {976EDA55-4D01-4586-B3C7-9414F509E7AD}
	EndGlobalSection
EndGlobal
