
Microsoft Visual Studio Solution File, Format Version 12.00
# Visual Studio 15
VisualStudioVersion = 15.0.28307.168
MinimumVisualStudioVersion = 10.0.40219.1
Project("{FAE04EC0-301F-11D3-BF4B-00C04F79EFBC}") = "Proyecto Final (Unidad V, VI)", "Proyecto Final (Unidad V, VI)\Proyecto Final (Unidad V, VI).csproj", "{F4320532-AE60-44C4-BC77-9C444A2719AB}"
EndProject
Global
	GlobalSection(SolutionConfigurationPlatforms) = preSolution
		Debug|Any CPU = Debug|Any CPU
		Release|Any CPU = Release|Any CPU
	EndGlobalSection
	GlobalSection(ProjectConfigurationPlatforms) = postSolution
		{F4320532-AE60-44C4-BC77-9C444A2719AB}.Debug|Any CPU.ActiveCfg = Debug|Any CPU
		{F4320532-AE60-44C4-BC77-9C444A2719AB}.Debug|Any CPU.Build.0 = Debug|Any CPU
		{F4320532-AE60-44C4-BC77-9C444A2719AB}.Release|Any CPU.ActiveCfg = Release|Any CPU
		{F4320532-AE60-44C4-BC77-9C444A2719AB}.Release|Any CPU.Build.0 = Release|Any CPU
	EndGlobalSection
	GlobalSection(SolutionProperties) = preSolution
		HideSolutionNode = FALSE
	EndGlobalSection
	GlobalSection(ExtensibilityGlobals) = postSolution
		SolutionGuid = {9D496B4A-8804-47A1-BAB9-BB4136EB1F1F}
	EndGlobalSection
EndGlobal
