
Microsoft Visual Studio Solution File, Format Version 12.00
# Visual Studio 15
VisualStudioVersion = 15.0.28307.168
MinimumVisualStudioVersion = 10.0.40219.1
Project("{FAE04EC0-301F-11D3-BF4B-00C04F79EFBC}") = "Dado", "Dado\Dado.csproj", "{BBA23427-07DE-4058-8CE6-064F930B0D97}"
EndProject
Global
	GlobalSection(SolutionConfigurationPlatforms) = preSolution
		Debug|Any CPU = Debug|Any CPU
		Release|Any CPU = Release|Any CPU
	EndGlobalSection
	GlobalSection(ProjectConfigurationPlatforms) = postSolution
		{BBA23427-07DE-4058-8CE6-064F930B0D97}.Debug|Any CPU.ActiveCfg = Debug|Any CPU
		{BBA23427-07DE-4058-8CE6-064F930B0D97}.Debug|Any CPU.Build.0 = Debug|Any CPU
		{BBA23427-07DE-4058-8CE6-064F930B0D97}.Release|Any CPU.ActiveCfg = Release|Any CPU
		{BBA23427-07DE-4058-8CE6-064F930B0D97}.Release|Any CPU.Build.0 = Release|Any CPU
	EndGlobalSection
	GlobalSection(SolutionProperties) = preSolution
		HideSolutionNode = FALSE
	EndGlobalSection
	GlobalSection(ExtensibilityGlobals) = postSolution
		SolutionGuid = {3C380C73-E8C9-4C31-8805-3AD1BF23C8F4}
	EndGlobalSection
EndGlobal
